
Microsoft Visual Studio Solution File, Format Version 12.00
# Visual Studio Version 16
VisualStudioVersion = 16.0.31005.135
MinimumVisualStudioVersion = 10.0.40219.1
Project("{FAE04EC0-301F-11D3-BF4B-00C04F79EFBC}") = "CodeChallenge", "CodeChallenge\CodeChallenge.csproj", "{14C566A5-0D80-463E-A083-5C97AC4B2F9A}"
EndProject
Global
	GlobalSection(SolutionConfigurationPlatforms) = preSolution
		Debug|Any CPU = Debug|Any CPU
		Release|Any CPU = Release|Any CPU
	EndGlobalSection
	GlobalSection(ProjectConfigurationPlatforms) = postSolution
		{14C566A5-0D80-463E-A083-5C97AC4B2F9A}.Debug|Any CPU.ActiveCfg = Debug|Any CPU
		{14C566A5-0D80-463E-A083-5C97AC4B2F9A}.Debug|Any CPU.Build.0 = Debug|Any CPU
		{14C566A5-0D80-463E-A083-5C97AC4B2F9A}.Release|Any CPU.ActiveCfg = Release|Any CPU
		{14C566A5-0D80-463E-A083-5C97AC4B2F9A}.Release|Any CPU.Build.0 = Release|Any CPU
	EndGlobalSection
	GlobalSection(SolutionProperties) = preSolution
		HideSolutionNode = FALSE
	EndGlobalSection
	GlobalSection(ExtensibilityGlobals) = postSolution
		SolutionGuid = {6DCDA4E6-4D31-4B91-86F4-9FF895BE69A3}
	EndGlobalSection
EndGlobal
